
Microsoft Visual Studio Solution File, Format Version 12.00
# Visual Studio Version 16
VisualStudioVersion = 16.0.32228.343
MinimumVisualStudioVersion = 10.0.40219.1
Project("{FAE04EC0-301F-11D3-BF4B-00C04F79EFBC}") = "HotelFinder.Entities", "HotelFinder.Entities\HotelFinder.Entities.csproj", "{161F479B-CA9A-43B4-B04C-567FB7F86529}"
EndProject
Project("{FAE04EC0-301F-11D3-BF4B-00C04F79EFBC}") = "HotelFinder.DataAccess", "HotelFinder.DataAccess\HotelFinder.DataAccess.csproj", "{68EB8411-37E1-46E7-B0FC-9265F87D8C7F}"
EndProject
Project("{FAE04EC0-301F-11D3-BF4B-00C04F79EFBC}") = "HotelFinder.Business", "HotelFinder.Business\HotelFinder.Business.csproj", "{672F6C47-EC26-4259-912A-24C7C8CCCB05}"
EndProject
Project("{FAE04EC0-301F-11D3-BF4B-00C04F79EFBC}") = "HotelFinder.API", "HotelFinder.API\HotelFinder.API.csproj", "{358AC0CE-F95A-4FDF-8AC6-63C083AA2B31}"
EndProject
Global
	GlobalSection(SolutionConfigurationPlatforms) = preSolution
		Debug|Any CPU = Debug|Any CPU
		Release|Any CPU = Release|Any CPU
	EndGlobalSection
	GlobalSection(ProjectConfigurationPlatforms) = postSolution
		{161F479B-CA9A-43B4-B04C-567FB7F86529}.Debug|Any CPU.ActiveCfg = Debug|Any CPU
		{161F479B-CA9A-43B4-B04C-567FB7F86529}.Debug|Any CPU.Build.0 = Debug|Any CPU
		{161F479B-CA9A-43B4-B04C-567FB7F86529}.Release|Any CPU.ActiveCfg = Release|Any CPU
		{161F479B-CA9A-43B4-B04C-567FB7F86529}.Release|Any CPU.Build.0 = Release|Any CPU
		{68EB8411-37E1-46E7-B0FC-9265F87D8C7F}.Debug|Any CPU.ActiveCfg = Debug|Any CPU
		{68EB8411-37E1-46E7-B0FC-9265F87D8C7F}.Debug|Any CPU.Build.0 = Debug|Any CPU
		{68EB8411-37E1-46E7-B0FC-9265F87D8C7F}.Release|Any CPU.ActiveCfg = Release|Any CPU
		{68EB8411-37E1-46E7-B0FC-9265F87D8C7F}.Release|Any CPU.Build.0 = Release|Any CPU
		{672F6C47-EC26-4259-912A-24C7C8CCCB05}.Debug|Any CPU.ActiveCfg = Debug|Any CPU
		{672F6C47-EC26-4259-912A-24C7C8CCCB05}.Debug|Any CPU.Build.0 = Debug|Any CPU
		{672F6C47-EC26-4259-912A-24C7C8CCCB05}.Release|Any CPU.ActiveCfg = Release|Any CPU
		{672F6C47-EC26-4259-912A-24C7C8CCCB05}.Release|Any CPU.Build.0 = Release|Any CPU
		{358AC0CE-F95A-4FDF-8AC6-63C083AA2B31}.Debug|Any CPU.ActiveCfg = Debug|Any CPU
		{358AC0CE-F95A-4FDF-8AC6-63C083AA2B31}.Debug|Any CPU.Build.0 = Debug|Any CPU
		{358AC0CE-F95A-4FDF-8AC6-63C083AA2B31}.Release|Any CPU.ActiveCfg = Release|Any CPU
		{358AC0CE-F95A-4FDF-8AC6-63C083AA2B31}.Release|Any CPU.Build.0 = Release|Any CPU
	EndGlobalSection
	GlobalSection(SolutionProperties) = preSolution
		HideSolutionNode = FALSE
	EndGlobalSection
	GlobalSection(ExtensibilityGlobals) = postSolution
		SolutionGuid = {768FA335-E2D1-41F0-9A84-E7106CD58A67}
	EndGlobalSection
EndGlobal
